
Microsoft Visual Studio Solution File, Format Version 12.00
# Visual Studio Version 17
VisualStudioVersion = 17.3.32929.385
MinimumVisualStudioVersion = 10.0.40219.1
Project("{FAE04EC0-301F-11D3-BF4B-00C04F79EFBC}") = "configuratoreSerial6.0", "configuratoreSerial6.0\configuratoreSerial6.0.csproj", "{E24DE4C5-9480-4DE5-ACB4-C82A3476AD1B}"
EndProject
Global
	GlobalSection(SolutionConfigurationPlatforms) = preSolution
		Debug|Any CPU = Debug|Any CPU
		Release|Any CPU = Release|Any CPU
	EndGlobalSection
	GlobalSection(ProjectConfigurationPlatforms) = postSolution
		{E24DE4C5-9480-4DE5-ACB4-C82A3476AD1B}.Debug|Any CPU.ActiveCfg = Debug|Any CPU
		{E24DE4C5-9480-4DE5-ACB4-C82A3476AD1B}.Debug|Any CPU.Build.0 = Debug|Any CPU
		{E24DE4C5-9480-4DE5-ACB4-C82A3476AD1B}.Release|Any CPU.ActiveCfg = Release|Any CPU
		{E24DE4C5-9480-4DE5-ACB4-C82A3476AD1B}.Release|Any CPU.Build.0 = Release|Any CPU
	EndGlobalSection
	GlobalSection(SolutionProperties) = preSolution
		HideSolutionNode = FALSE
	EndGlobalSection
	GlobalSection(ExtensibilityGlobals) = postSolution
		SolutionGuid = {F3C494C3-94F3-4DF8-BF44-25E820DBD7D6}
	EndGlobalSection
EndGlobal
